
Microsoft Visual Studio Solution File, Format Version 12.00
# Visual Studio Version 17
VisualStudioVersion = 17.14.36408.4 d17.14
MinimumVisualStudioVersion = 10.0.40219.1
Project("{FAE04EC0-301F-11D3-BF4B-00C04F79EFBC}") = "EvaluationTestBlazor", "EvaluationTestBlazor\EvaluationTestBlazor.csproj", "{A439BFF2-4F81-4DED-BDE5-06D51CCBCCDC}"
EndProject
Project("{FAE04EC0-301F-11D3-BF4B-00C04F79EFBC}") = "EvaluationTestt.Tests", "EvaluationTestt.Tests\EvaluationTestt.Tests.csproj", "{47C2A01F-22D3-4E2B-A0F6-E2D5468C6F72}"
EndProject
Global
	GlobalSection(SolutionConfigurationPlatforms) = preSolution
		Debug|Any CPU = Debug|Any CPU
		Release|Any CPU = Release|Any CPU
	EndGlobalSection
	GlobalSection(ProjectConfigurationPlatforms) = postSolution
		{A439BFF2-4F81-4DED-BDE5-06D51CCBCCDC}.Debug|Any CPU.ActiveCfg = Debug|Any CPU
		{A439BFF2-4F81-4DED-BDE5-06D51CCBCCDC}.Debug|Any CPU.Build.0 = Debug|Any CPU
		{A439BFF2-4F81-4DED-BDE5-06D51CCBCCDC}.Release|Any CPU.ActiveCfg = Release|Any CPU
		{A439BFF2-4F81-4DED-BDE5-06D51CCBCCDC}.Release|Any CPU.Build.0 = Release|Any CPU
		{47C2A01F-22D3-4E2B-A0F6-E2D5468C6F72}.Debug|Any CPU.ActiveCfg = Debug|Any CPU
		{47C2A01F-22D3-4E2B-A0F6-E2D5468C6F72}.Debug|Any CPU.Build.0 = Debug|Any CPU
		{47C2A01F-22D3-4E2B-A0F6-E2D5468C6F72}.Release|Any CPU.ActiveCfg = Release|Any CPU
		{47C2A01F-22D3-4E2B-A0F6-E2D5468C6F72}.Release|Any CPU.Build.0 = Release|Any CPU
	EndGlobalSection
	GlobalSection(SolutionProperties) = preSolution
		HideSolutionNode = FALSE
	EndGlobalSection
	GlobalSection(ExtensibilityGlobals) = postSolution
		SolutionGuid = {FAF06879-C3AC-499F-8BAD-29DFA47E5CB8}
	EndGlobalSection
EndGlobal
